
Microsoft Visual Studio Solution File, Format Version 12.00
# Visual Studio 15
VisualStudioVersion = 15.0.27004.2009
MinimumVisualStudioVersion = 10.0.40219.1
Project("{FAE04EC0-301F-11D3-BF4B-00C04F79EFBC}") = "tunnikontroll_02", "tunnikontroll_02\tunnikontroll_02.csproj", "{7326DB46-C4D0-47D5-AFA3-2C4F6DC3EAFC}"
EndProject
Global
	GlobalSection(SolutionConfigurationPlatforms) = preSolution
		Debug|Any CPU = Debug|Any CPU
		Release|Any CPU = Release|Any CPU
	EndGlobalSection
	GlobalSection(ProjectConfigurationPlatforms) = postSolution
		{7326DB46-C4D0-47D5-AFA3-2C4F6DC3EAFC}.Debug|Any CPU.ActiveCfg = Debug|Any CPU
		{7326DB46-C4D0-47D5-AFA3-2C4F6DC3EAFC}.Debug|Any CPU.Build.0 = Debug|Any CPU
		{7326DB46-C4D0-47D5-AFA3-2C4F6DC3EAFC}.Release|Any CPU.ActiveCfg = Release|Any CPU
		{7326DB46-C4D0-47D5-AFA3-2C4F6DC3EAFC}.Release|Any CPU.Build.0 = Release|Any CPU
	EndGlobalSection
	GlobalSection(SolutionProperties) = preSolution
		HideSolutionNode = FALSE
	EndGlobalSection
	GlobalSection(ExtensibilityGlobals) = postSolution
		SolutionGuid = {C86E6DCB-D650-48AB-8A74-4D4AD74521B1}
	EndGlobalSection
EndGlobal
